
Microsoft Visual Studio Solution File, Format Version 12.00
# Visual Studio Version 16
VisualStudioVersion = 16.0.31205.134
MinimumVisualStudioVersion = 10.0.40219.1
Project("{9A19103F-16F7-4668-BE54-9A1E7A4F7556}") = "UnlaLibrary.Data", "UnlaLibrary.Data\UnlaLibrary.Data.csproj", "{C398CF33-9278-45CD-9925-7451255869B4}"
EndProject
Project("{9A19103F-16F7-4668-BE54-9A1E7A4F7556}") = "UnlaLibrary.UI.Web", "UnlaLibrary.UI.Web\UnlaLibrary.UI.Web.csproj", "{0086FCB8-999F-42D3-8708-5D641CB4C4FF}"
EndProject
Project("{FAE04EC0-301F-11D3-BF4B-00C04F79EFBC}") = "ConsoleApp1", "ConsoleApp1\ConsoleApp1.csproj", "{186E67D5-BDA3-4E0A-89A3-B09AE039F2BD}"
EndProject
Global
	GlobalSection(SolutionConfigurationPlatforms) = preSolution
		Debug|Any CPU = Debug|Any CPU
		Release|Any CPU = Release|Any CPU
	EndGlobalSection
	GlobalSection(ProjectConfigurationPlatforms) = postSolution
		{C398CF33-9278-45CD-9925-7451255869B4}.Debug|Any CPU.ActiveCfg = Debug|Any CPU
		{C398CF33-9278-45CD-9925-7451255869B4}.Debug|Any CPU.Build.0 = Debug|Any CPU
		{C398CF33-9278-45CD-9925-7451255869B4}.Release|Any CPU.ActiveCfg = Release|Any CPU
		{C398CF33-9278-45CD-9925-7451255869B4}.Release|Any CPU.Build.0 = Release|Any CPU
		{0086FCB8-999F-42D3-8708-5D641CB4C4FF}.Debug|Any CPU.ActiveCfg = Debug|Any CPU
		{0086FCB8-999F-42D3-8708-5D641CB4C4FF}.Debug|Any CPU.Build.0 = Debug|Any CPU
		{0086FCB8-999F-42D3-8708-5D641CB4C4FF}.Release|Any CPU.ActiveCfg = Release|Any CPU
		{0086FCB8-999F-42D3-8708-5D641CB4C4FF}.Release|Any CPU.Build.0 = Release|Any CPU
		{186E67D5-BDA3-4E0A-89A3-B09AE039F2BD}.Debug|Any CPU.ActiveCfg = Debug|Any CPU
		{186E67D5-BDA3-4E0A-89A3-B09AE039F2BD}.Debug|Any CPU.Build.0 = Debug|Any CPU
		{186E67D5-BDA3-4E0A-89A3-B09AE039F2BD}.Release|Any CPU.ActiveCfg = Release|Any CPU
		{186E67D5-BDA3-4E0A-89A3-B09AE039F2BD}.Release|Any CPU.Build.0 = Release|Any CPU
	EndGlobalSection
	GlobalSection(SolutionProperties) = preSolution
		HideSolutionNode = FALSE
	EndGlobalSection
	GlobalSection(ExtensibilityGlobals) = postSolution
		SolutionGuid = {869A00ED-A834-4CE1-B952-19CA56DB901F}
	EndGlobalSection
EndGlobal
